
Microsoft Visual Studio Solution File, Format Version 12.00
# Visual Studio Version 17
VisualStudioVersion = 17.7.34221.43
MinimumVisualStudioVersion = 10.0.40219.1
Project("{8BC9CEB8-8B4A-11D0-8D11-00A0C91BC942}") = "Roullete", "Roullete\Roullete.vcxproj", "{29950F8D-E49B-4DB7-AB18-3FCA31D37924}"
EndProject
Global
	GlobalSection(SolutionConfigurationPlatforms) = preSolution
		Debug|x64 = Debug|x64
		Debug|x86 = Debug|x86
		Release|x64 = Release|x64
		Release|x86 = Release|x86
	EndGlobalSection
	GlobalSection(ProjectConfigurationPlatforms) = postSolution
		{29950F8D-E49B-4DB7-AB18-3FCA31D37924}.Debug|x64.ActiveCfg = Debug|x64
		{29950F8D-E49B-4DB7-AB18-3FCA31D37924}.Debug|x64.Build.0 = Debug|x64
		{29950F8D-E49B-4DB7-AB18-3FCA31D37924}.Debug|x86.ActiveCfg = Debug|Win32
		{29950F8D-E49B-4DB7-AB18-3FCA31D37924}.Debug|x86.Build.0 = Debug|Win32
		{29950F8D-E49B-4DB7-AB18-3FCA31D37924}.Release|x64.ActiveCfg = Release|x64
		{29950F8D-E49B-4DB7-AB18-3FCA31D37924}.Release|x64.Build.0 = Release|x64
		{29950F8D-E49B-4DB7-AB18-3FCA31D37924}.Release|x86.ActiveCfg = Release|Win32
		{29950F8D-E49B-4DB7-AB18-3FCA31D37924}.Release|x86.Build.0 = Release|Win32
	EndGlobalSection
	GlobalSection(SolutionProperties) = preSolution
		HideSolutionNode = FALSE
	EndGlobalSection
	GlobalSection(ExtensibilityGlobals) = postSolution
		SolutionGuid = {57C3E60A-6C53-4024-AC80-C5E830523514}
	EndGlobalSection
EndGlobal
